
Microsoft Visual Studio Solution File, Format Version 12.00
# Visual Studio Version 17
VisualStudioVersion = 17.14.36623.8
MinimumVisualStudioVersion = 10.0.40219.1
Project("{FAE04EC0-301F-11D3-BF4B-00C04F79EFBC}") = "PersistentPowerShellBroker", "PersistentPowerShellBroker\PersistentPowerShellBroker.csproj", "{9780102A-5903-44DF-A7D6-2183D52A5182}"
EndProject
Project("{FAE04EC0-301F-11D3-BF4B-00C04F79EFBC}") = "PersistentPowerShellBroker.Tests", "PersistentPowerShellBroker.Tests\PersistentPowerShellBroker.Tests.csproj", "{3051B2EF-B33F-48D1-9223-E7F405E653D7}"
EndProject
Global
	GlobalSection(SolutionConfigurationPlatforms) = preSolution
		Debug|Any CPU = Debug|Any CPU
		Debug|x64 = Debug|x64
		Debug|x86 = Debug|x86
		Release|Any CPU = Release|Any CPU
		Release|x64 = Release|x64
		Release|x86 = Release|x86
	EndGlobalSection
	GlobalSection(ProjectConfigurationPlatforms) = postSolution
		{9780102A-5903-44DF-A7D6-2183D52A5182}.Debug|Any CPU.ActiveCfg = Debug|Any CPU
		{9780102A-5903-44DF-A7D6-2183D52A5182}.Debug|Any CPU.Build.0 = Debug|Any CPU
		{9780102A-5903-44DF-A7D6-2183D52A5182}.Debug|x64.ActiveCfg = Debug|Any CPU
		{9780102A-5903-44DF-A7D6-2183D52A5182}.Debug|x64.Build.0 = Debug|Any CPU
		{9780102A-5903-44DF-A7D6-2183D52A5182}.Debug|x86.ActiveCfg = Debug|Any CPU
		{9780102A-5903-44DF-A7D6-2183D52A5182}.Debug|x86.Build.0 = Debug|Any CPU
		{9780102A-5903-44DF-A7D6-2183D52A5182}.Release|Any CPU.ActiveCfg = Release|Any CPU
		{9780102A-5903-44DF-A7D6-2183D52A5182}.Release|Any CPU.Build.0 = Release|Any CPU
		{9780102A-5903-44DF-A7D6-2183D52A5182}.Release|x64.ActiveCfg = Release|Any CPU
		{9780102A-5903-44DF-A7D6-2183D52A5182}.Release|x64.Build.0 = Release|Any CPU
		{9780102A-5903-44DF-A7D6-2183D52A5182}.Release|x86.ActiveCfg = Release|Any CPU
		{9780102A-5903-44DF-A7D6-2183D52A5182}.Release|x86.Build.0 = Release|Any CPU
		{3051B2EF-B33F-48D1-9223-E7F405E653D7}.Debug|Any CPU.ActiveCfg = Debug|Any CPU
		{3051B2EF-B33F-48D1-9223-E7F405E653D7}.Debug|Any CPU.Build.0 = Debug|Any CPU
		{3051B2EF-B33F-48D1-9223-E7F405E653D7}.Debug|x64.ActiveCfg = Debug|Any CPU
		{3051B2EF-B33F-48D1-9223-E7F405E653D7}.Debug|x64.Build.0 = Debug|Any CPU
		{3051B2EF-B33F-48D1-9223-E7F405E653D7}.Debug|x86.ActiveCfg = Debug|Any CPU
		{3051B2EF-B33F-48D1-9223-E7F405E653D7}.Debug|x86.Build.0 = Debug|Any CPU
		{3051B2EF-B33F-48D1-9223-E7F405E653D7}.Release|Any CPU.ActiveCfg = Release|Any CPU
		{3051B2EF-B33F-48D1-9223-E7F405E653D7}.Release|Any CPU.Build.0 = Release|Any CPU
		{3051B2EF-B33F-48D1-9223-E7F405E653D7}.Release|x64.ActiveCfg = Release|Any CPU
		{3051B2EF-B33F-48D1-9223-E7F405E653D7}.Release|x64.Build.0 = Release|Any CPU
		{3051B2EF-B33F-48D1-9223-E7F405E653D7}.Release|x86.ActiveCfg = Release|Any CPU
		{3051B2EF-B33F-48D1-9223-E7F405E653D7}.Release|x86.Build.0 = Release|Any CPU
	EndGlobalSection
	GlobalSection(SolutionProperties) = preSolution
		HideSolutionNode = FALSE
	EndGlobalSection
	GlobalSection(ExtensibilityGlobals) = postSolution
		SolutionGuid = {13D2F2F5-7365-42F8-9EF5-0BE7B7D3DFB9}
	EndGlobalSection
EndGlobal
